# Generated by pub
# See https://dart.dev/tools/pub/glossary#lockfile
packages:
  _flutterfire_internals:
    dependency: transitive
    description:
      name: _flutterfire_internals
<<<<<<< HEAD
      sha256: daa1d780fdecf8af925680c06c86563cdd445deea995d5c9176f1302a2b10bbe
      url: "https://pub.dev"
    source: hosted
    version: "1.3.48"
=======
      sha256: "13e611501ef36044655852215b4f30aed81123654a4f55193d0051a0e8705658"
      url: "https://pub.dev"
    source: hosted
    version: "1.3.36"
>>>>>>> 806dca544752c5c978f39977aeb4005785d5f0ee
  archive:
    dependency: transitive
    description:
      name: archive
      sha256: cb6a278ef2dbb298455e1a713bda08524a175630ec643a242c399c932a0a1f7d
      url: "https://pub.dev"
    source: hosted
    version: "3.6.1"
  args:
    dependency: transitive
    description:
      name: args
<<<<<<< HEAD
      sha256: bf9f5caeea8d8fe6721a9c358dd8a5c1947b27f1cfaa18b39c301273594919e6
      url: "https://pub.dev"
    source: hosted
    version: "2.6.0"
=======
      sha256: "7cf60b9f0cc88203c5a190b4cd62a99feea42759a7fa695010eb5de1c0b2252a"
      url: "https://pub.dev"
    source: hosted
    version: "2.5.0"
>>>>>>> 806dca544752c5c978f39977aeb4005785d5f0ee
  async:
    dependency: transitive
    description:
      name: async
      sha256: "947bfcf187f74dbc5e146c9eb9c0f10c9f8b30743e341481c1e2ed3ecc18c20c"
      url: "https://pub.dev"
    source: hosted
    version: "2.11.0"
  boolean_selector:
    dependency: transitive
    description:
      name: boolean_selector
      sha256: "6cfb5af12253eaf2b368f07bacc5a80d1301a071c73360d746b7f2e32d762c66"
      url: "https://pub.dev"
    source: hosted
    version: "2.1.1"
  cached_network_image:
    dependency: "direct main"
    description:
      name: cached_network_image
<<<<<<< HEAD
      sha256: "7c1183e361e5c8b0a0f21a28401eecdbde252441106a9816400dd4c2b2424916"
      url: "https://pub.dev"
    source: hosted
    version: "3.4.1"
=======
      sha256: "28ea9690a8207179c319965c13cd8df184d5ee721ae2ce60f398ced1219cea1f"
      url: "https://pub.dev"
    source: hosted
    version: "3.3.1"
>>>>>>> 806dca544752c5c978f39977aeb4005785d5f0ee
  cached_network_image_platform_interface:
    dependency: transitive
    description:
      name: cached_network_image_platform_interface
<<<<<<< HEAD
      sha256: "35814b016e37fbdc91f7ae18c8caf49ba5c88501813f73ce8a07027a395e2829"
      url: "https://pub.dev"
    source: hosted
    version: "4.1.1"
=======
      sha256: "9e90e78ae72caa874a323d78fa6301b3fb8fa7ea76a8f96dc5b5bf79f283bf2f"
      url: "https://pub.dev"
    source: hosted
    version: "4.0.0"
>>>>>>> 806dca544752c5c978f39977aeb4005785d5f0ee
  cached_network_image_web:
    dependency: transitive
    description:
      name: cached_network_image_web
<<<<<<< HEAD
      sha256: "980842f4e8e2535b8dbd3d5ca0b1f0ba66bf61d14cc3a17a9b4788a3685ba062"
      url: "https://pub.dev"
    source: hosted
    version: "1.3.1"
=======
      sha256: "42a835caa27c220d1294311ac409a43361088625a4f23c820b006dd9bffb3316"
      url: "https://pub.dev"
    source: hosted
    version: "1.1.1"
>>>>>>> 806dca544752c5c978f39977aeb4005785d5f0ee
  characters:
    dependency: transitive
    description:
      name: characters
      sha256: "04a925763edad70e8443c99234dc3328f442e811f1d8fd1a72f1c8ad0f69a605"
      url: "https://pub.dev"
    source: hosted
    version: "1.3.0"
  clock:
    dependency: transitive
    description:
      name: clock
      sha256: cb6d7f03e1de671e34607e909a7213e31d7752be4fb66a86d29fe1eb14bfb5cf
      url: "https://pub.dev"
    source: hosted
    version: "1.1.1"
  cloud_firestore:
    dependency: "direct main"
    description:
      name: cloud_firestore
<<<<<<< HEAD
      sha256: ba89d4ae6ddaea0241f50a2dc1ffe36f32891f1a6bc78540f55d79c7f8ed536a
      url: "https://pub.dev"
    source: hosted
    version: "5.6.0"
=======
      sha256: f5b12f4e2e3f6b38f86a88225e564ed7f7d141b85a237576fa88952e662e8ef1
      url: "https://pub.dev"
    source: hosted
    version: "5.0.0"
>>>>>>> 806dca544752c5c978f39977aeb4005785d5f0ee
  cloud_firestore_platform_interface:
    dependency: transitive
    description:
      name: cloud_firestore_platform_interface
<<<<<<< HEAD
      sha256: "966cfd6beb2e943f3363a7bced4476533caa55d2338ffd876855c07e5296d1d7"
      url: "https://pub.dev"
    source: hosted
    version: "6.6.0"
=======
      sha256: "8f9ae1d13e47cc151f6e9626ccb8b809c406cb1aab801f46e65a902d5a32f2ab"
      url: "https://pub.dev"
    source: hosted
    version: "6.2.6"
>>>>>>> 806dca544752c5c978f39977aeb4005785d5f0ee
  cloud_firestore_web:
    dependency: transitive
    description:
      name: cloud_firestore_web
<<<<<<< HEAD
      sha256: "110ba7ff3322c239527e5be3c0d471a3e14fd0a870b2feff96d1e527a2eae2bb"
      url: "https://pub.dev"
    source: hosted
    version: "4.4.0"
=======
      sha256: e0fb0e497f03faf83445a84442ada60f97515f5e59e6dd9558ff96ceceb29461
      url: "https://pub.dev"
    source: hosted
    version: "4.0.0"
>>>>>>> 806dca544752c5c978f39977aeb4005785d5f0ee
  collection:
    dependency: transitive
    description:
      name: collection
      sha256: ee67cb0715911d28db6bf4af1026078bd6f0128b07a5f66fb2ed94ec6783c09a
      url: "https://pub.dev"
    source: hosted
    version: "1.18.0"
  cross_file:
    dependency: transitive
    description:
      name: cross_file
<<<<<<< HEAD
      sha256: "7caf6a750a0c04effbb52a676dce9a4a592e10ad35c34d6d2d0e4811160d5670"
      url: "https://pub.dev"
    source: hosted
    version: "0.3.4+2"
=======
      sha256: "55d7b444feb71301ef6b8838dbc1ae02e63dd48c8773f3810ff53bb1e2945b32"
      url: "https://pub.dev"
    source: hosted
    version: "0.3.4+1"
>>>>>>> 806dca544752c5c978f39977aeb4005785d5f0ee
  crypto:
    dependency: transitive
    description:
      name: crypto
<<<<<<< HEAD
      sha256: "1e445881f28f22d6140f181e07737b22f1e099a5e1ff94b0af2f9e4a463f4855"
      url: "https://pub.dev"
    source: hosted
    version: "3.0.6"
=======
      sha256: ff625774173754681d66daaf4a448684fb04b78f902da9cb3d308c19cc5e8bab
      url: "https://pub.dev"
    source: hosted
    version: "3.0.3"
>>>>>>> 806dca544752c5c978f39977aeb4005785d5f0ee
  cupertino_icons:
    dependency: "direct main"
    description:
      name: cupertino_icons
      sha256: ba631d1c7f7bef6b729a622b7b752645a2d076dba9976925b8f25725a30e1ee6
      url: "https://pub.dev"
    source: hosted
    version: "1.0.8"
  emoji_picker_flutter:
    dependency: "direct main"
    description:
      name: emoji_picker_flutter
<<<<<<< HEAD
      sha256: "08567e6f914d36c32091a96cf2f51d2558c47aa2bd47a590dc4f50e42e0965f6"
      url: "https://pub.dev"
    source: hosted
    version: "3.1.0"
=======
      sha256: "839200a2bd1af9a65d71133a5a246dbf5b24f7e4f6f4c5390130c2e0ed5f85af"
      url: "https://pub.dev"
    source: hosted
    version: "2.2.0"
>>>>>>> 806dca544752c5c978f39977aeb4005785d5f0ee
  fake_async:
    dependency: transitive
    description:
      name: fake_async
      sha256: "511392330127add0b769b75a987850d136345d9227c6b94c96a04cf4a391bf78"
      url: "https://pub.dev"
    source: hosted
    version: "1.3.1"
  ffi:
    dependency: transitive
    description:
      name: ffi
<<<<<<< HEAD
      sha256: "16ed7b077ef01ad6170a3d0c57caa4a112a38d7a2ed5602e0aca9ca6f3d98da6"
      url: "https://pub.dev"
    source: hosted
    version: "2.1.3"
=======
      sha256: "493f37e7df1804778ff3a53bd691d8692ddf69702cf4c1c1096a2e41b4779e21"
      url: "https://pub.dev"
    source: hosted
    version: "2.1.2"
>>>>>>> 806dca544752c5c978f39977aeb4005785d5f0ee
  file:
    dependency: transitive
    description:
      name: file
<<<<<<< HEAD
      sha256: a3b4f84adafef897088c160faf7dfffb7696046cb13ae90b508c2cbc95d3b8d4
      url: "https://pub.dev"
    source: hosted
    version: "7.0.1"
=======
      sha256: "5fc22d7c25582e38ad9a8515372cd9a93834027aacf1801cf01164dac0ffa08c"
      url: "https://pub.dev"
    source: hosted
    version: "7.0.0"
>>>>>>> 806dca544752c5c978f39977aeb4005785d5f0ee
  file_selector_linux:
    dependency: transitive
    description:
      name: file_selector_linux
<<<<<<< HEAD
      sha256: "54cbbd957e1156d29548c7d9b9ec0c0ebb6de0a90452198683a7d23aed617a33"
      url: "https://pub.dev"
    source: hosted
    version: "0.9.3+2"
=======
      sha256: "045d372bf19b02aeb69cacf8b4009555fb5f6f0b7ad8016e5f46dd1387ddd492"
      url: "https://pub.dev"
    source: hosted
    version: "0.9.2+1"
>>>>>>> 806dca544752c5c978f39977aeb4005785d5f0ee
  file_selector_macos:
    dependency: transitive
    description:
      name: file_selector_macos
<<<<<<< HEAD
      sha256: "271ab9986df0c135d45c3cdb6bd0faa5db6f4976d3e4b437cf7d0f258d941bfc"
      url: "https://pub.dev"
    source: hosted
    version: "0.9.4+2"
=======
      sha256: b15c3da8bd4908b9918111fa486903f5808e388b8d1c559949f584725a6594d6
      url: "https://pub.dev"
    source: hosted
    version: "0.9.3+3"
>>>>>>> 806dca544752c5c978f39977aeb4005785d5f0ee
  file_selector_platform_interface:
    dependency: transitive
    description:
      name: file_selector_platform_interface
      sha256: a3994c26f10378a039faa11de174d7b78eb8f79e4dd0af2a451410c1a5c3f66b
      url: "https://pub.dev"
    source: hosted
    version: "2.6.2"
  file_selector_windows:
    dependency: transitive
    description:
      name: file_selector_windows
<<<<<<< HEAD
      sha256: "8f5d2f6590d51ecd9179ba39c64f722edc15226cc93dcc8698466ad36a4a85a4"
      url: "https://pub.dev"
    source: hosted
    version: "0.9.3+3"
=======
      sha256: d3547240c20cabf205c7c7f01a50ecdbc413755814d6677f3cb366f04abcead0
      url: "https://pub.dev"
    source: hosted
    version: "0.9.3+1"
>>>>>>> 806dca544752c5c978f39977aeb4005785d5f0ee
  firebase_auth:
    dependency: "direct main"
    description:
      name: firebase_auth
<<<<<<< HEAD
      sha256: "03483af6e67b7c4b696ca9386989a6cd5593569e1ac5af6907ea5f7fd9c16d8b"
      url: "https://pub.dev"
    source: hosted
    version: "5.3.4"
=======
      sha256: fe9ac025fc01290087232e57391d0050341ae69a0f21c3640f66bfa5968fbddf
      url: "https://pub.dev"
    source: hosted
    version: "5.0.0"
>>>>>>> 806dca544752c5c978f39977aeb4005785d5f0ee
  firebase_auth_platform_interface:
    dependency: transitive
    description:
      name: firebase_auth_platform_interface
<<<<<<< HEAD
      sha256: "3e1409f48c48930635705b1237ebbdee8c54c19106a0a4fb321dbb4b642820c4"
      url: "https://pub.dev"
    source: hosted
    version: "7.4.10"
=======
      sha256: "02b4a496febafdd5c23de93ba2b4123765137190bd57567a6c000e36369df44c"
      url: "https://pub.dev"
    source: hosted
    version: "7.3.1"
>>>>>>> 806dca544752c5c978f39977aeb4005785d5f0ee
  firebase_auth_web:
    dependency: transitive
    description:
      name: firebase_auth_web
<<<<<<< HEAD
      sha256: d83fe95c44d73c9c29b006ac7df3aa5e1b8ce92b62edc44e8f86250951fe2cd0
      url: "https://pub.dev"
    source: hosted
    version: "5.13.5"
=======
      sha256: "0547e3d5ffb68922cff988319ddb4c7091f88be3d2557fa49ed8e30f3855810c"
      url: "https://pub.dev"
    source: hosted
    version: "5.12.1"
>>>>>>> 806dca544752c5c978f39977aeb4005785d5f0ee
  firebase_core:
    dependency: "direct main"
    description:
      name: firebase_core
<<<<<<< HEAD
      sha256: "15d761b95dfa2906dfcc31b7fc6fe293188533d1a3ffe78389ba9e69bd7fdbde"
      url: "https://pub.dev"
    source: hosted
    version: "3.9.0"
=======
      sha256: "0d436d29b16fd9844a098ece2a3ce75efc290e5fe0844d282c5e8987173b0d02"
      url: "https://pub.dev"
    source: hosted
    version: "3.0.0"
>>>>>>> 806dca544752c5c978f39977aeb4005785d5f0ee
  firebase_core_platform_interface:
    dependency: transitive
    description:
      name: firebase_core_platform_interface
<<<<<<< HEAD
      sha256: d7253d255ff10f85cfd2adaba9ac17bae878fa3ba577462451163bd9f1d1f0bf
      url: "https://pub.dev"
    source: hosted
    version: "5.4.0"
=======
      sha256: c437ae5d17e6b5cc7981cf6fd458a5db4d12979905f9aafd1fea930428a9fe63
      url: "https://pub.dev"
    source: hosted
    version: "5.0.0"
>>>>>>> 806dca544752c5c978f39977aeb4005785d5f0ee
  firebase_core_web:
    dependency: transitive
    description:
      name: firebase_core_web
<<<<<<< HEAD
      sha256: fbc008cf390d909b823763064b63afefe9f02d8afdb13eb3f485b871afee956b
      url: "https://pub.dev"
    source: hosted
    version: "2.19.0"
=======
      sha256: "22fcb352744908224fc7be3caae254836099786acfe5df6e9fe901e9c2575a41"
      url: "https://pub.dev"
    source: hosted
    version: "2.17.1"
>>>>>>> 806dca544752c5c978f39977aeb4005785d5f0ee
  firebase_messaging:
    dependency: "direct main"
    description:
      name: firebase_messaging
<<<<<<< HEAD
      sha256: "151a3ee68736abf293aab66d1317ade53c88abe1db09c75a0460aebf7767bbdf"
      url: "https://pub.dev"
    source: hosted
    version: "15.1.6"
=======
      sha256: "62fb18daf69ee5f65c0ea5ef4c611481ec50584f54a9d7bcb2de511ad821b45d"
      url: "https://pub.dev"
    source: hosted
    version: "15.0.0"
>>>>>>> 806dca544752c5c978f39977aeb4005785d5f0ee
  firebase_messaging_platform_interface:
    dependency: transitive
    description:
      name: firebase_messaging_platform_interface
<<<<<<< HEAD
      sha256: f331ee51e40c243f90cc7bc059222dfec4e5df53125b08d31fb28961b00d2a9d
      url: "https://pub.dev"
    source: hosted
    version: "4.5.49"
=======
      sha256: aec6972698a5f70557b44946923d6be2c0cda127b60b462a1b1f7f08a8a325a5
      url: "https://pub.dev"
    source: hosted
    version: "4.5.38"
>>>>>>> 806dca544752c5c978f39977aeb4005785d5f0ee
  firebase_messaging_web:
    dependency: transitive
    description:
      name: firebase_messaging_web
<<<<<<< HEAD
      sha256: efaf3fdc54cd77e0eedb8e75f7f01c808828c64d052ddbf94d3009974e47d30f
      url: "https://pub.dev"
    source: hosted
    version: "3.9.5"
=======
      sha256: "17979bda5f4474b76c069d547294955e775e3c4484ae80f621a06aa27f5ac5d8"
      url: "https://pub.dev"
    source: hosted
    version: "3.8.8"
>>>>>>> 806dca544752c5c978f39977aeb4005785d5f0ee
  firebase_storage:
    dependency: "direct main"
    description:
      name: firebase_storage
<<<<<<< HEAD
      sha256: "19102fafeaf99b35e0ac6911ad4fb2929e6fb1bc1d61e848514b9ad3c139d7e6"
      url: "https://pub.dev"
    source: hosted
    version: "12.3.7"
=======
      sha256: a373e93c4713a94d0248cfb7ac43cc7e0da087f8d184fc5c0096909207c925a5
      url: "https://pub.dev"
    source: hosted
    version: "12.0.0"
>>>>>>> 806dca544752c5c978f39977aeb4005785d5f0ee
  firebase_storage_platform_interface:
    dependency: transitive
    description:
      name: firebase_storage_platform_interface
<<<<<<< HEAD
      sha256: "4f9993c1e2839b8e49a15b7346f1822ff50edb92c8db89fafa26c2eae8767a7d"
      url: "https://pub.dev"
    source: hosted
    version: "5.1.34"
=======
      sha256: "75abce1fdb9618581fdaaefc9c35d336024a69d1ab8b64bc3e0258d3d3a23409"
      url: "https://pub.dev"
    source: hosted
    version: "5.1.23"
>>>>>>> 806dca544752c5c978f39977aeb4005785d5f0ee
  firebase_storage_web:
    dependency: transitive
    description:
      name: firebase_storage_web
<<<<<<< HEAD
      sha256: ed689089bd4cdafcefd0d5b8a5d635a68c657c75bdad26f15d0ca50748527103
      url: "https://pub.dev"
    source: hosted
    version: "3.10.6"
=======
      sha256: "8a57a5565830331d4020bb7edb324451d52db4ccad1bc3647990c7882a200a8b"
      url: "https://pub.dev"
    source: hosted
    version: "3.9.8"
>>>>>>> 806dca544752c5c978f39977aeb4005785d5f0ee
  fixnum:
    dependency: transitive
    description:
      name: fixnum
<<<<<<< HEAD
      sha256: b6dc7065e46c974bc7c5f143080a6764ec7a4be6da1285ececdc37be96de53be
      url: "https://pub.dev"
    source: hosted
    version: "1.1.1"
=======
      sha256: "25517a4deb0c03aa0f32fd12db525856438902d9c16536311e76cdc57b31d7d1"
      url: "https://pub.dev"
    source: hosted
    version: "1.1.0"
>>>>>>> 806dca544752c5c978f39977aeb4005785d5f0ee
  flutter:
    dependency: "direct main"
    description: flutter
    source: sdk
    version: "0.0.0"
  flutter_cache_manager:
    dependency: transitive
    description:
      name: flutter_cache_manager
<<<<<<< HEAD
      sha256: "400b6592f16a4409a7f2bb929a9a7e38c72cceb8ffb99ee57bbf2cb2cecf8386"
      url: "https://pub.dev"
    source: hosted
    version: "3.4.1"
=======
      sha256: "8207f27539deb83732fdda03e259349046a39a4c767269285f449ade355d54ba"
      url: "https://pub.dev"
    source: hosted
    version: "3.3.1"
>>>>>>> 806dca544752c5c978f39977aeb4005785d5f0ee
  flutter_lints:
    dependency: "direct dev"
    description:
      name: flutter_lints
<<<<<<< HEAD
      sha256: "5398f14efa795ffb7a33e9b6a08798b26a180edac4ad7db3f231e40f82ce11e1"
      url: "https://pub.dev"
    source: hosted
    version: "5.0.0"
=======
      sha256: "3f41d009ba7172d5ff9be5f6e6e6abb4300e263aab8866d2a0842ed2a70f8f0c"
      url: "https://pub.dev"
    source: hosted
    version: "4.0.0"
>>>>>>> 806dca544752c5c978f39977aeb4005785d5f0ee
  flutter_notification_channel:
    dependency: "direct main"
    description:
      name: flutter_notification_channel
      sha256: "1795f9e13d01508845701738ae0d06e293a395ce41372d077f8f00ccc4e8db9c"
      url: "https://pub.dev"
    source: hosted
    version: "3.1.0"
  flutter_plugin_android_lifecycle:
    dependency: transitive
    description:
      name: flutter_plugin_android_lifecycle
<<<<<<< HEAD
      sha256: "615a505aef59b151b46bbeef55b36ce2b6ed299d160c51d84281946f0aa0ce0e"
      url: "https://pub.dev"
    source: hosted
    version: "2.0.24"
=======
      sha256: "8cf40eebf5dec866a6d1956ad7b4f7016e6c0cc69847ab946833b7d43743809f"
      url: "https://pub.dev"
    source: hosted
    version: "2.0.19"
>>>>>>> 806dca544752c5c978f39977aeb4005785d5f0ee
  flutter_test:
    dependency: "direct dev"
    description: flutter
    source: sdk
    version: "0.0.0"
  flutter_web_plugins:
    dependency: transitive
    description: flutter
    source: sdk
    version: "0.0.0"
<<<<<<< HEAD
  gallery_saver_plus:
    dependency: "direct main"
    description:
      name: gallery_saver_plus
      sha256: "79a3615a56fd5db42db77d6fe8315a0087d3e8f1ec01e6426810d4ed4c02dcbc"
      url: "https://pub.dev"
    source: hosted
    version: "3.2.1"
=======
  gallery_saver_updated:
    dependency: "direct main"
    description:
      name: gallery_saver_updated
      sha256: "95850b11a83b6229630491a7241842f2c6b8ca883980f2eb19645626c0e559d4"
      url: "https://pub.dev"
    source: hosted
    version: "3.0.0"
>>>>>>> 806dca544752c5c978f39977aeb4005785d5f0ee
  google_generative_ai:
    dependency: "direct main"
    description:
      name: google_generative_ai
<<<<<<< HEAD
      sha256: "81dae159c89e4d9bdc46955b6f4ee5ae0a291f9e8f990d76f43944e0d6041d4f"
      url: "https://pub.dev"
    source: hosted
    version: "0.4.6"
=======
      sha256: "76e35d93b8c1cd888f69a1a371f8c5dc54cec372b6c74a4c0a5d506e7cf82c1a"
      url: "https://pub.dev"
    source: hosted
    version: "0.4.3"
>>>>>>> 806dca544752c5c978f39977aeb4005785d5f0ee
  google_identity_services_web:
    dependency: transitive
    description:
      name: google_identity_services_web
<<<<<<< HEAD
      sha256: "55580f436822d64c8ff9a77e37d61f5fb1e6c7ec9d632a43ee324e2a05c3c6c9"
      url: "https://pub.dev"
    source: hosted
    version: "0.3.3"
=======
      sha256: "9482364c9f8b7bd36902572ebc3a7c2b5c8ee57a9c93e6eb5099c1a9ec5265d8"
      url: "https://pub.dev"
    source: hosted
    version: "0.3.1+1"
>>>>>>> 806dca544752c5c978f39977aeb4005785d5f0ee
  google_sign_in:
    dependency: "direct main"
    description:
      name: google_sign_in
<<<<<<< HEAD
      sha256: fad6ddc80c427b0bba705f2116204ce1173e09cf299f85e053d57a55e5b2dd56
      url: "https://pub.dev"
    source: hosted
    version: "6.2.2"
=======
      sha256: "0b8787cb9c1a68ad398e8010e8c8766bfa33556d2ab97c439fb4137756d7308f"
      url: "https://pub.dev"
    source: hosted
    version: "6.2.1"
>>>>>>> 806dca544752c5c978f39977aeb4005785d5f0ee
  google_sign_in_android:
    dependency: transitive
    description:
      name: google_sign_in_android
<<<<<<< HEAD
      sha256: "3b96f9b6cf61915f73cbe1218a192623e296a9b8b31965702503649477761e36"
      url: "https://pub.dev"
    source: hosted
    version: "6.1.34"
=======
      sha256: "7647893c65e6720973f0e579051c8f84b877b486614d9f70a404259c41a4632e"
      url: "https://pub.dev"
    source: hosted
    version: "6.1.23"
>>>>>>> 806dca544752c5c978f39977aeb4005785d5f0ee
  google_sign_in_ios:
    dependency: transitive
    description:
      name: google_sign_in_ios
<<<<<<< HEAD
      sha256: "83f015169102df1ab2905cf8abd8934e28f87db9ace7a5fa676998842fed228a"
      url: "https://pub.dev"
    source: hosted
    version: "5.7.8"
=======
      sha256: "1e0d4fde6cc07a8ff423f6bc931e83a74163d6af702004bacaee752649fdd2e7"
      url: "https://pub.dev"
    source: hosted
    version: "5.7.5"
>>>>>>> 806dca544752c5c978f39977aeb4005785d5f0ee
  google_sign_in_platform_interface:
    dependency: transitive
    description:
      name: google_sign_in_platform_interface
      sha256: "1f6e5787d7a120cc0359ddf315c92309069171306242e181c09472d1b00a2971"
      url: "https://pub.dev"
    source: hosted
    version: "2.4.5"
  google_sign_in_web:
    dependency: transitive
    description:
      name: google_sign_in_web
<<<<<<< HEAD
      sha256: ada595df6c30cead48e66b1f3a050edf0c5cf2ba60c185d69690e08adcc6281b
      url: "https://pub.dev"
    source: hosted
    version: "0.12.4+3"
=======
      sha256: fc0f14ed45ea616a6cfb4d1c7534c2221b7092cc4f29a709f0c3053cc3e821bd
      url: "https://pub.dev"
    source: hosted
    version: "0.12.4"
>>>>>>> 806dca544752c5c978f39977aeb4005785d5f0ee
  googleapis_auth:
    dependency: "direct main"
    description:
      name: googleapis_auth
      sha256: befd71383a955535060acde8792e7efc11d2fccd03dd1d3ec434e85b68775938
      url: "https://pub.dev"
    source: hosted
    version: "1.6.0"
  http:
    dependency: "direct main"
    description:
      name: http
<<<<<<< HEAD
      sha256: b9c29a161230ee03d3ccf545097fccd9b87a5264228c5d348202e0f0c28f9010
      url: "https://pub.dev"
    source: hosted
    version: "1.2.2"
=======
      sha256: "761a297c042deedc1ffbb156d6e2af13886bb305c2a343a4d972504cd67dd938"
      url: "https://pub.dev"
    source: hosted
    version: "1.2.1"
>>>>>>> 806dca544752c5c978f39977aeb4005785d5f0ee
  http_parser:
    dependency: transitive
    description:
      name: http_parser
      sha256: "2aa08ce0341cc9b354a498388e30986515406668dbcc4f7c950c3e715496693b"
      url: "https://pub.dev"
    source: hosted
    version: "4.0.2"
  image_picker:
    dependency: "direct main"
    description:
      name: image_picker
      sha256: "021834d9c0c3de46bf0fe40341fa07168407f694d9b2bb18d532dc1261867f7a"
      url: "https://pub.dev"
    source: hosted
    version: "1.1.2"
  image_picker_android:
    dependency: transitive
    description:
      name: image_picker_android
<<<<<<< HEAD
      sha256: fa8141602fde3f7e2f81dbf043613eb44dfa325fa0bcf93c0f142c9f7a2c193e
      url: "https://pub.dev"
    source: hosted
    version: "0.8.12+18"
=======
      sha256: "844c6da4e4f2829dffdab97816bca09d0e0977e8dcef7450864aba4e07967a58"
      url: "https://pub.dev"
    source: hosted
    version: "0.8.9+6"
>>>>>>> 806dca544752c5c978f39977aeb4005785d5f0ee
  image_picker_for_web:
    dependency: transitive
    description:
      name: image_picker_for_web
<<<<<<< HEAD
      sha256: "717eb042ab08c40767684327be06a5d8dbb341fe791d514e4b92c7bbe1b7bb83"
      url: "https://pub.dev"
    source: hosted
    version: "3.0.6"
=======
      sha256: "6a1704fdd75022272e7e7a897a9068e9c2ff3cd6a66820bf3ded810633eac954"
      url: "https://pub.dev"
    source: hosted
    version: "3.0.3"
>>>>>>> 806dca544752c5c978f39977aeb4005785d5f0ee
  image_picker_ios:
    dependency: transitive
    description:
      name: image_picker_ios
<<<<<<< HEAD
      sha256: "4f0568120c6fcc0aaa04511cb9f9f4d29fc3d0139884b1d06be88dcec7641d6b"
      url: "https://pub.dev"
    source: hosted
    version: "0.8.12+1"
=======
      sha256: "917a5cadd67d052554cfb258595e54217de53fac5b52939426e26319a02e6297"
      url: "https://pub.dev"
    source: hosted
    version: "0.8.9+2"
>>>>>>> 806dca544752c5c978f39977aeb4005785d5f0ee
  image_picker_linux:
    dependency: transitive
    description:
      name: image_picker_linux
      sha256: "4ed1d9bb36f7cd60aa6e6cd479779cc56a4cb4e4de8f49d487b1aaad831300fa"
      url: "https://pub.dev"
    source: hosted
    version: "0.2.1+1"
  image_picker_macos:
    dependency: transitive
    description:
      name: image_picker_macos
      sha256: "3f5ad1e8112a9a6111c46d0b57a7be2286a9a07fc6e1976fdf5be2bd31d4ff62"
      url: "https://pub.dev"
    source: hosted
    version: "0.2.1+1"
  image_picker_platform_interface:
    dependency: transitive
    description:
      name: image_picker_platform_interface
      sha256: "9ec26d410ff46f483c5519c29c02ef0e02e13a543f882b152d4bfd2f06802f80"
      url: "https://pub.dev"
    source: hosted
    version: "2.10.0"
  image_picker_windows:
    dependency: transitive
    description:
      name: image_picker_windows
      sha256: "6ad07afc4eb1bc25f3a01084d28520496c4a3bb0cb13685435838167c9dcedeb"
      url: "https://pub.dev"
    source: hosted
    version: "0.2.1+1"
  leak_tracker:
    dependency: transitive
    description:
      name: leak_tracker
<<<<<<< HEAD
      sha256: "3f87a60e8c63aecc975dda1ceedbc8f24de75f09e4856ea27daf8958f2f0ce05"
      url: "https://pub.dev"
    source: hosted
    version: "10.0.5"
=======
      sha256: "7f0df31977cb2c0b88585095d168e689669a2cc9b97c309665e3386f3e9d341a"
      url: "https://pub.dev"
    source: hosted
    version: "10.0.4"
>>>>>>> 806dca544752c5c978f39977aeb4005785d5f0ee
  leak_tracker_flutter_testing:
    dependency: transitive
    description:
      name: leak_tracker_flutter_testing
<<<<<<< HEAD
      sha256: "932549fb305594d82d7183ecd9fa93463e9914e1b67cacc34bc40906594a1806"
      url: "https://pub.dev"
    source: hosted
    version: "3.0.5"
=======
      sha256: "06e98f569d004c1315b991ded39924b21af84cf14cc94791b8aea337d25b57f8"
      url: "https://pub.dev"
    source: hosted
    version: "3.0.3"
>>>>>>> 806dca544752c5c978f39977aeb4005785d5f0ee
  leak_tracker_testing:
    dependency: transitive
    description:
      name: leak_tracker_testing
      sha256: "6ba465d5d76e67ddf503e1161d1f4a6bc42306f9d66ca1e8f079a47290fb06d3"
      url: "https://pub.dev"
    source: hosted
    version: "3.0.1"
  lints:
    dependency: transitive
    description:
      name: lints
<<<<<<< HEAD
      sha256: "3315600f3fb3b135be672bf4a178c55f274bebe368325ae18462c89ac1e3b413"
      url: "https://pub.dev"
    source: hosted
    version: "5.0.0"
=======
      sha256: "976c774dd944a42e83e2467f4cc670daef7eed6295b10b36ae8c85bcbf828235"
      url: "https://pub.dev"
    source: hosted
    version: "4.0.0"
>>>>>>> 806dca544752c5c978f39977aeb4005785d5f0ee
  lottie:
    dependency: "direct main"
    description:
      name: lottie
<<<<<<< HEAD
      sha256: fa39707f36786707b01eca7626d2c16c32aa603b3f3a146518518458847dc127
      url: "https://pub.dev"
    source: hosted
    version: "3.2.0"
=======
      sha256: "6a24ade5d3d918c306bb1c21a6b9a04aab0489d51a2582522eea820b4093b62b"
      url: "https://pub.dev"
    source: hosted
    version: "3.1.2"
>>>>>>> 806dca544752c5c978f39977aeb4005785d5f0ee
  matcher:
    dependency: transitive
    description:
      name: matcher
      sha256: d2323aa2060500f906aa31a895b4030b6da3ebdcc5619d14ce1aada65cd161cb
      url: "https://pub.dev"
    source: hosted
    version: "0.12.16+1"
  material_color_utilities:
    dependency: transitive
    description:
      name: material_color_utilities
<<<<<<< HEAD
      sha256: f7142bb1154231d7ea5f96bc7bde4bda2a0945d2806bb11670e30b850d56bdec
      url: "https://pub.dev"
    source: hosted
    version: "0.11.1"
=======
      sha256: "0e0a020085b65b6083975e499759762399b4475f766c21668c4ecca34ea74e5a"
      url: "https://pub.dev"
    source: hosted
    version: "0.8.0"
>>>>>>> 806dca544752c5c978f39977aeb4005785d5f0ee
  meta:
    dependency: transitive
    description:
      name: meta
<<<<<<< HEAD
      sha256: bdb68674043280c3428e9ec998512fb681678676b3c54e773629ffe74419f8c7
      url: "https://pub.dev"
    source: hosted
    version: "1.15.0"
=======
      sha256: "7687075e408b093f36e6bbf6c91878cc0d4cd10f409506f7bc996f68220b9136"
      url: "https://pub.dev"
    source: hosted
    version: "1.12.0"
>>>>>>> 806dca544752c5c978f39977aeb4005785d5f0ee
  mime:
    dependency: transitive
    description:
      name: mime
<<<<<<< HEAD
      sha256: "41a20518f0cb1256669420fdba0cd90d21561e560ac240f26ef8322e45bb7ed6"
      url: "https://pub.dev"
    source: hosted
    version: "2.0.0"
=======
      sha256: "2e123074287cc9fd6c09de8336dae606d1ddb88d9ac47358826db698c176a1f2"
      url: "https://pub.dev"
    source: hosted
    version: "1.0.5"
>>>>>>> 806dca544752c5c978f39977aeb4005785d5f0ee
  octo_image:
    dependency: transitive
    description:
      name: octo_image
<<<<<<< HEAD
      sha256: "34faa6639a78c7e3cbe79be6f9f96535867e879748ade7d17c9b1ae7536293bd"
      url: "https://pub.dev"
    source: hosted
    version: "2.1.0"
=======
      sha256: "45b40f99622f11901238e18d48f5f12ea36426d8eced9f4cbf58479c7aa2430d"
      url: "https://pub.dev"
    source: hosted
    version: "2.0.0"
>>>>>>> 806dca544752c5c978f39977aeb4005785d5f0ee
  path:
    dependency: transitive
    description:
      name: path
      sha256: "087ce49c3f0dc39180befefc60fdb4acd8f8620e5682fe2476afd0b3688bb4af"
      url: "https://pub.dev"
    source: hosted
    version: "1.9.0"
  path_provider:
    dependency: transitive
    description:
      name: path_provider
<<<<<<< HEAD
      sha256: "50c5dd5b6e1aaf6fb3a78b33f6aa3afca52bf903a8a5298f53101fdaee55bbcd"
      url: "https://pub.dev"
    source: hosted
    version: "2.1.5"
=======
      sha256: c9e7d3a4cd1410877472158bee69963a4579f78b68c65a2b7d40d1a7a88bb161
      url: "https://pub.dev"
    source: hosted
    version: "2.1.3"
>>>>>>> 806dca544752c5c978f39977aeb4005785d5f0ee
  path_provider_android:
    dependency: transitive
    description:
      name: path_provider_android
<<<<<<< HEAD
      sha256: "4adf4fd5423ec60a29506c76581bc05854c55e3a0b72d35bb28d661c9686edf2"
      url: "https://pub.dev"
    source: hosted
    version: "2.2.15"
=======
      sha256: a248d8146ee5983446bf03ed5ea8f6533129a12b11f12057ad1b4a67a2b3b41d
      url: "https://pub.dev"
    source: hosted
    version: "2.2.4"
>>>>>>> 806dca544752c5c978f39977aeb4005785d5f0ee
  path_provider_foundation:
    dependency: transitive
    description:
      name: path_provider_foundation
<<<<<<< HEAD
      sha256: "4843174df4d288f5e29185bd6e72a6fbdf5a4a4602717eed565497429f179942"
      url: "https://pub.dev"
    source: hosted
    version: "2.4.1"
=======
      sha256: "5a7999be66e000916500be4f15a3633ebceb8302719b47b9cc49ce924125350f"
      url: "https://pub.dev"
    source: hosted
    version: "2.3.2"
>>>>>>> 806dca544752c5c978f39977aeb4005785d5f0ee
  path_provider_linux:
    dependency: transitive
    description:
      name: path_provider_linux
      sha256: f7a1fe3a634fe7734c8d3f2766ad746ae2a2884abe22e241a8b301bf5cac3279
      url: "https://pub.dev"
    source: hosted
    version: "2.2.1"
  path_provider_platform_interface:
    dependency: transitive
    description:
      name: path_provider_platform_interface
      sha256: "88f5779f72ba699763fa3a3b06aa4bf6de76c8e5de842cf6f29e2e06476c2334"
      url: "https://pub.dev"
    source: hosted
    version: "2.1.2"
  path_provider_windows:
    dependency: transitive
    description:
      name: path_provider_windows
<<<<<<< HEAD
      sha256: bd6f00dbd873bfb70d0761682da2b3a2c2fccc2b9e84c495821639601d81afe7
      url: "https://pub.dev"
    source: hosted
    version: "2.3.0"
=======
      sha256: "8bc9f22eee8690981c22aa7fc602f5c85b497a6fb2ceb35ee5a5e5ed85ad8170"
      url: "https://pub.dev"
    source: hosted
    version: "2.2.1"
>>>>>>> 806dca544752c5c978f39977aeb4005785d5f0ee
  platform:
    dependency: transitive
    description:
      name: platform
<<<<<<< HEAD
      sha256: "5d6b1b0036a5f331ebc77c850ebc8506cbc1e9416c27e59b439f917a902a4984"
      url: "https://pub.dev"
    source: hosted
    version: "3.1.6"
=======
      sha256: "12220bb4b65720483f8fa9450b4332347737cf8213dd2840d8b2c823e47243ec"
      url: "https://pub.dev"
    source: hosted
    version: "3.1.4"
>>>>>>> 806dca544752c5c978f39977aeb4005785d5f0ee
  plugin_platform_interface:
    dependency: transitive
    description:
      name: plugin_platform_interface
      sha256: "4820fbfdb9478b1ebae27888254d445073732dae3d6ea81f0b7e06d5dedc3f02"
      url: "https://pub.dev"
    source: hosted
    version: "2.1.8"
  rxdart:
    dependency: transitive
    description:
      name: rxdart
<<<<<<< HEAD
      sha256: "5c3004a4a8dbb94bd4bf5412a4def4acdaa12e12f269737a5751369e12d1a962"
      url: "https://pub.dev"
    source: hosted
    version: "0.28.0"
=======
      sha256: "0c7c0cedd93788d996e33041ffecda924cc54389199cde4e6a34b440f50044cb"
      url: "https://pub.dev"
    source: hosted
    version: "0.27.7"
>>>>>>> 806dca544752c5c978f39977aeb4005785d5f0ee
  shared_preferences:
    dependency: transitive
    description:
      name: shared_preferences
<<<<<<< HEAD
      sha256: "3c7e73920c694a436afaf65ab60ce3453d91f84208d761fbd83fc21182134d93"
      url: "https://pub.dev"
    source: hosted
    version: "2.3.4"
=======
      sha256: d3bbe5553a986e83980916ded2f0b435ef2e1893dfaa29d5a7a790d0eca12180
      url: "https://pub.dev"
    source: hosted
    version: "2.2.3"
>>>>>>> 806dca544752c5c978f39977aeb4005785d5f0ee
  shared_preferences_android:
    dependency: transitive
    description:
      name: shared_preferences_android
<<<<<<< HEAD
      sha256: "02a7d8a9ef346c9af715811b01fbd8e27845ad2c41148eefd31321471b41863d"
      url: "https://pub.dev"
    source: hosted
    version: "2.4.0"
=======
      sha256: "1ee8bf911094a1b592de7ab29add6f826a7331fb854273d55918693d5364a1f2"
      url: "https://pub.dev"
    source: hosted
    version: "2.2.2"
>>>>>>> 806dca544752c5c978f39977aeb4005785d5f0ee
  shared_preferences_foundation:
    dependency: transitive
    description:
      name: shared_preferences_foundation
<<<<<<< HEAD
      sha256: "6a52cfcdaeac77cad8c97b539ff688ccfc458c007b4db12be584fbe5c0e49e03"
      url: "https://pub.dev"
    source: hosted
    version: "2.5.4"
=======
      sha256: "7708d83064f38060c7b39db12aefe449cb8cdc031d6062280087bc4cdb988f5c"
      url: "https://pub.dev"
    source: hosted
    version: "2.3.5"
>>>>>>> 806dca544752c5c978f39977aeb4005785d5f0ee
  shared_preferences_linux:
    dependency: transitive
    description:
      name: shared_preferences_linux
<<<<<<< HEAD
      sha256: "580abfd40f415611503cae30adf626e6656dfb2f0cee8f465ece7b6defb40f2f"
      url: "https://pub.dev"
    source: hosted
    version: "2.4.1"
=======
      sha256: "9f2cbcf46d4270ea8be39fa156d86379077c8a5228d9dfdb1164ae0bb93f1faa"
      url: "https://pub.dev"
    source: hosted
    version: "2.3.2"
>>>>>>> 806dca544752c5c978f39977aeb4005785d5f0ee
  shared_preferences_platform_interface:
    dependency: transitive
    description:
      name: shared_preferences_platform_interface
<<<<<<< HEAD
      sha256: "57cbf196c486bc2cf1f02b85784932c6094376284b3ad5779d1b1c6c6a816b80"
      url: "https://pub.dev"
    source: hosted
    version: "2.4.1"
=======
      sha256: "22e2ecac9419b4246d7c22bfbbda589e3acf5c0351137d87dd2939d984d37c3b"
      url: "https://pub.dev"
    source: hosted
    version: "2.3.2"
>>>>>>> 806dca544752c5c978f39977aeb4005785d5f0ee
  shared_preferences_web:
    dependency: transitive
    description:
      name: shared_preferences_web
<<<<<<< HEAD
      sha256: d2ca4132d3946fec2184261726b355836a82c33d7d5b67af32692aff18a4684e
      url: "https://pub.dev"
    source: hosted
    version: "2.4.2"
=======
      sha256: "9aee1089b36bd2aafe06582b7d7817fd317ef05fc30e6ba14bff247d0933042a"
      url: "https://pub.dev"
    source: hosted
    version: "2.3.0"
>>>>>>> 806dca544752c5c978f39977aeb4005785d5f0ee
  shared_preferences_windows:
    dependency: transitive
    description:
      name: shared_preferences_windows
<<<<<<< HEAD
      sha256: "94ef0f72b2d71bc3e700e025db3710911bd51a71cefb65cc609dd0d9a982e3c1"
      url: "https://pub.dev"
    source: hosted
    version: "2.4.1"
=======
      sha256: "841ad54f3c8381c480d0c9b508b89a34036f512482c407e6df7a9c4aa2ef8f59"
      url: "https://pub.dev"
    source: hosted
    version: "2.3.2"
>>>>>>> 806dca544752c5c978f39977aeb4005785d5f0ee
  sky_engine:
    dependency: transitive
    description: flutter
    source: sdk
    version: "0.0.99"
  source_span:
    dependency: transitive
    description:
      name: source_span
      sha256: "53e943d4206a5e30df338fd4c6e7a077e02254531b138a15aec3bd143c1a8b3c"
      url: "https://pub.dev"
    source: hosted
    version: "1.10.0"
  sprintf:
    dependency: transitive
    description:
      name: sprintf
      sha256: "1fc9ffe69d4df602376b52949af107d8f5703b77cda567c4d7d86a0693120f23"
      url: "https://pub.dev"
    source: hosted
    version: "7.0.0"
  sqflite:
    dependency: transitive
    description:
      name: sqflite
<<<<<<< HEAD
      sha256: "2d7299468485dca85efeeadf5d38986909c5eb0cd71fd3db2c2f000e6c9454bb"
      url: "https://pub.dev"
    source: hosted
    version: "2.4.1"
  sqflite_android:
    dependency: transitive
    description:
      name: sqflite_android
      sha256: "78f489aab276260cdd26676d2169446c7ecd3484bbd5fead4ca14f3ed4dd9ee3"
      url: "https://pub.dev"
    source: hosted
    version: "2.4.0"
=======
      sha256: "5ce2e1a15e822c3b4bfb5400455775e421da7098eed8adc8f26298ada7c9308c"
      url: "https://pub.dev"
    source: hosted
    version: "2.3.3"
>>>>>>> 806dca544752c5c978f39977aeb4005785d5f0ee
  sqflite_common:
    dependency: transitive
    description:
      name: sqflite_common
<<<<<<< HEAD
      sha256: "761b9740ecbd4d3e66b8916d784e581861fd3c3553eda85e167bc49fdb68f709"
      url: "https://pub.dev"
    source: hosted
    version: "2.5.4+6"
  sqflite_darwin:
    dependency: transitive
    description:
      name: sqflite_darwin
      sha256: "96a698e2bc82bd770a4d6aab00b42396a7c63d9e33513a56945cbccb594c2474"
      url: "https://pub.dev"
    source: hosted
    version: "2.4.1"
  sqflite_platform_interface:
    dependency: transitive
    description:
      name: sqflite_platform_interface
      sha256: "8dd4515c7bdcae0a785b0062859336de775e8c65db81ae33dd5445f35be61920"
      url: "https://pub.dev"
    source: hosted
    version: "2.4.0"
=======
      sha256: "3da423ce7baf868be70e2c0976c28a1bb2f73644268b7ffa7d2e08eab71f16a4"
      url: "https://pub.dev"
    source: hosted
    version: "2.5.4"
>>>>>>> 806dca544752c5c978f39977aeb4005785d5f0ee
  stack_trace:
    dependency: transitive
    description:
      name: stack_trace
      sha256: "73713990125a6d93122541237550ee3352a2d84baad52d375a4cad2eb9b7ce0b"
      url: "https://pub.dev"
    source: hosted
    version: "1.11.1"
  stream_channel:
    dependency: transitive
    description:
      name: stream_channel
      sha256: ba2aa5d8cc609d96bbb2899c28934f9e1af5cddbd60a827822ea467161eb54e7
      url: "https://pub.dev"
    source: hosted
    version: "2.1.2"
  string_scanner:
    dependency: transitive
    description:
      name: string_scanner
      sha256: "556692adab6cfa87322a115640c11f13cb77b3f076ddcc5d6ae3c20242bedcde"
      url: "https://pub.dev"
    source: hosted
    version: "1.2.0"
  synchronized:
    dependency: transitive
    description:
      name: synchronized
<<<<<<< HEAD
      sha256: "69fe30f3a8b04a0be0c15ae6490fc859a78ef4c43ae2dd5e8a623d45bfcf9225"
      url: "https://pub.dev"
    source: hosted
    version: "3.3.0+3"
=======
      sha256: "539ef412b170d65ecdafd780f924e5be3f60032a1128df156adad6c5b373d558"
      url: "https://pub.dev"
    source: hosted
    version: "3.1.0+1"
>>>>>>> 806dca544752c5c978f39977aeb4005785d5f0ee
  term_glyph:
    dependency: transitive
    description:
      name: term_glyph
      sha256: a29248a84fbb7c79282b40b8c72a1209db169a2e0542bce341da992fe1bc7e84
      url: "https://pub.dev"
    source: hosted
    version: "1.2.1"
  test_api:
    dependency: transitive
    description:
      name: test_api
<<<<<<< HEAD
      sha256: "5b8a98dafc4d5c4c9c72d8b31ab2b23fc13422348d2997120294d3bac86b4ddb"
      url: "https://pub.dev"
    source: hosted
    version: "0.7.2"
=======
      sha256: "9955ae474176f7ac8ee4e989dadfb411a58c30415bcfb648fa04b2b8a03afa7f"
      url: "https://pub.dev"
    source: hosted
    version: "0.7.0"
>>>>>>> 806dca544752c5c978f39977aeb4005785d5f0ee
  typed_data:
    dependency: transitive
    description:
      name: typed_data
<<<<<<< HEAD
      sha256: f9049c039ebfeb4cf7a7104a675823cd72dba8297f264b6637062516699fa006
      url: "https://pub.dev"
    source: hosted
    version: "1.4.0"
=======
      sha256: facc8d6582f16042dd49f2463ff1bd6e2c9ef9f3d5da3d9b087e244a7b564b3c
      url: "https://pub.dev"
    source: hosted
    version: "1.3.2"
>>>>>>> 806dca544752c5c978f39977aeb4005785d5f0ee
  uuid:
    dependency: transitive
    description:
      name: uuid
<<<<<<< HEAD
      sha256: a5be9ef6618a7ac1e964353ef476418026db906c4facdedaa299b7a2e71690ff
      url: "https://pub.dev"
    source: hosted
    version: "4.5.1"
=======
      sha256: "814e9e88f21a176ae1359149021870e87f7cddaf633ab678a5d2b0bff7fd1ba8"
      url: "https://pub.dev"
    source: hosted
    version: "4.4.0"
>>>>>>> 806dca544752c5c978f39977aeb4005785d5f0ee
  vector_math:
    dependency: transitive
    description:
      name: vector_math
      sha256: "80b3257d1492ce4d091729e3a67a60407d227c27241d6927be0130c98e741803"
      url: "https://pub.dev"
    source: hosted
    version: "2.1.4"
  vm_service:
    dependency: transitive
    description:
      name: vm_service
<<<<<<< HEAD
      sha256: "5c5f338a667b4c644744b661f309fb8080bb94b18a7e91ef1dbd343bed00ed6d"
      url: "https://pub.dev"
    source: hosted
    version: "14.2.5"
=======
      sha256: "3923c89304b715fb1eb6423f017651664a03bf5f4b29983627c4da791f74a4ec"
      url: "https://pub.dev"
    source: hosted
    version: "14.2.1"
>>>>>>> 806dca544752c5c978f39977aeb4005785d5f0ee
  web:
    dependency: transitive
    description:
      name: web
<<<<<<< HEAD
      sha256: cd3543bd5798f6ad290ea73d210f423502e71900302dde696f8bff84bf89a1cb
      url: "https://pub.dev"
    source: hosted
    version: "1.1.0"
=======
      sha256: "97da13628db363c635202ad97068d47c5b8aa555808e7a9411963c533b449b27"
      url: "https://pub.dev"
    source: hosted
    version: "0.5.1"
  win32:
    dependency: transitive
    description:
      name: win32
      sha256: "0a989dc7ca2bb51eac91e8fd00851297cfffd641aa7538b165c62637ca0eaa4a"
      url: "https://pub.dev"
    source: hosted
    version: "5.4.0"
>>>>>>> 806dca544752c5c978f39977aeb4005785d5f0ee
  xdg_directories:
    dependency: transitive
    description:
      name: xdg_directories
<<<<<<< HEAD
      sha256: "7a3f37b05d989967cdddcbb571f1ea834867ae2faa29725fd085180e0883aa15"
      url: "https://pub.dev"
    source: hosted
    version: "1.1.0"
sdks:
  dart: ">=3.5.4 <4.0.0"
  flutter: ">=3.24.0"
=======
      sha256: faea9dee56b520b55a566385b84f2e8de55e7496104adada9962e0bd11bcff1d
      url: "https://pub.dev"
    source: hosted
    version: "1.0.4"
sdks:
  dart: ">=3.3.2 <4.0.0"
  flutter: ">=3.19.3"
>>>>>>> 806dca544752c5c978f39977aeb4005785d5f0ee
